lockfileVersion: '9.0'

settings:
  autoInstallPeers: true
  excludeLinksFromLockfile: false

importers:

  .:
    dependencies:
      '@mantine/carousel':
        specifier: ^7.13.4
        version: 7.17.8(@mantine/core@7.17.8(@mantine/hooks@7.17.8(react@18.3.1))(@types/react@18.3.28)(react-dom@18.3.1(react@18.3.1))(react@18.3.1))(@mantine/hooks@7.17.8(react@18.3.1))(embla-carousel-react@7.1.0(react@18.3.1))(react-dom@18.3.1(react@18.3.1))(react@18.3.1)
      '@mantine/core':
        specifier: ^7.13.4
        version: 7.17.8(@mantine/hooks@7.17.8(react@18.3.1))(@types/react@18.3.28)(react-dom@18.3.1(react@18.3.1))(react@18.3.1)
      '@mantine/dates':
        specifier: ^7.13.4
        version: 7.17.8(@mantine/core@7.17.8(@mantine/hooks@7.17.8(react@18.3.1))(@types/react@18.3.28)(react-dom@18.3.1(react@18.3.1))(react@18.3.1))(@mantine/hooks@7.17.8(react@18.3.1))(dayjs@1.11.20)(react-dom@18.3.1(react@18.3.1))(react@18.3.1)
      '@mantine/form':
        specifier: ^7.13.4
        version: 7.17.8(react@18.3.1)
      '@mantine/hooks':
        specifier: ^7.13.4
        version: 7.17.8(react@18.3.1)
      '@mantine/notifications':
        specifier: ^7.13.4
        version: 7.17.8(@mantine/core@7.17.8(@mantine/hooks@7.17.8(react@18.3.1))(@types/react@18.3.28)(react-dom@18.3.1(react@18.3.1))(react@18.3.1))(@mantine/hooks@7.17.8(react@18.3.1))(react-dom@18.3.1(react@18.3.1))(react@18.3.1)
      '@tabler/icons-react':
        specifier: ^3.21.0
        version: 3.44.0(react@18.3.1)
      dayjs:
        specifier: ^1.11.13
        version: 1.11.20
      embla-carousel-react:
        specifier: ^7.1.0
        version: 7.1.0(react@18.3.1)
      next:
        specifier: 14.2.18
        version: 14.2.18(react-dom@18.3.1(react@18.3.1))(react@18.3.1)
      react:
        specifier: ^18.3.1
        version: 18.3.1
      react-dom:
        specifier: ^18.3.1
        version: 18.3.1(react@18.3.1)
    devDependencies:
      '@types/node':
        specifier: ^22.9.0
        version: 22.19.19
      '@types/react':
        specifier: ^18.3.12
        version: 18.3.28
      '@types/react-dom':
        specifier: ^18.3.1
        version: 18.3.7(@types/react@18.3.28)
      postcss:
        specifier: ^8.4.49
        version: 8.5.14
      postcss-preset-mantine:
        specifier: ^1.17.0
        version: 1.18.0(postcss@8.5.14)
      postcss-simple-vars:
        specifier: ^7.0.1
        version: 7.0.1(postcss@8.5.14)
      typescript:
        specifier: ^5.6.3
        version: 5.9.3

packages:

  '@babel/runtime@7.29.2':
    resolution: {integrity: sha512-JiDShH45zKHWyGe4ZNVRrCjBz8Nh9TMmZG1kh4QTK8hCBTWBi8Da+i7s1fJw7/lYpM4ccepSNfqzZ/QvABBi5g==}
    engines: {node: '>=6.9.0'}

  '@floating-ui/core@1.7.5':
    resolution: {integrity: sha512-1Ih4WTWyw0+lKyFMcBHGbb5U5FtuHJuujoyyr5zTaWS5EYMeT6Jb2AuDeftsCsEuchO+mM2ij5+q9crhydzLhQ==}

  '@floating-ui/dom@1.7.6':
    resolution: {integrity: sha512-9gZSAI5XM36880PPMm//9dfiEngYoC6Am2izES1FF406YFsjvyBMmeJ2g4SAju3xWwtuynNRFL2s9hgxpLI5SQ==}

  '@floating-ui/react-dom@2.1.8':
    resolution: {integrity: sha512-cC52bHwM/n/CxS87FH0yWdngEZrjdtLW/qVruo68qg+prK7ZQ4YGdut2GyDVpoGeAYe/h899rVeOVm6Oi40k2A==}
    peerDependencies:
      react: '>=16.8.0'
      react-dom: '>=16.8.0'

  '@floating-ui/react@0.26.28':
    resolution: {integrity: sha512-yORQuuAtVpiRjpMhdc0wJj06b9JFjrYF4qp96j++v2NBpbi6SEGF7donUJ3TMieerQ6qVkAv1tgr7L4r5roTqw==}
    peerDependencies:
      react: '>=16.8.0'
      react-dom: '>=16.8.0'

  '@floating-ui/utils@0.2.11':
    resolution: {integrity: sha512-RiB/yIh78pcIxl6lLMG0CgBXAZ2Y0eVHqMPYugu+9U0AeT6YBeiJpf7lbdJNIugFP5SIjwNRgo4DhR1Qxi26Gg==}

  '@mantine/carousel@7.17.8':
    resolution: {integrity: sha512-o9xozkiXYnAlh0n9QASBOcTx56VCoVGq6CzgcGVJBIx7QvZI95pNzGGC1HsP4It1xsyRsUHRySP/Q2Asn+upnw==}
    peerDependencies:
      '@mantine/core': 7.17.8
      '@mantine/hooks': 7.17.8
      embla-carousel-react: '>=7.0.0'
      react: ^18.x || ^19.x
      react-dom: ^18.x || ^19.x

  '@mantine/core@7.17.8':
    resolution: {integrity: sha512-42sfdLZSCpsCYmLCjSuntuPcDg3PLbakSmmYfz5Auea8gZYLr+8SS5k647doVu0BRAecqYOytkX2QC5/u/8VHw==}
    peerDependencies:
      '@mantine/hooks': 7.17.8
      react: ^18.x || ^19.x
      react-dom: ^18.x || ^19.x

  '@mantine/dates@7.17.8':
    resolution: {integrity: sha512-KYog/YL83PnsMef7EZagpOFq9I2gfnK0eYSzC8YvV9Mb6t/x9InqRssGWVb0GIr+TNILpEkhKoGaSKZNy10Q1g==}
    peerDependencies:
      '@mantine/core': 7.17.8
      '@mantine/hooks': 7.17.8
      dayjs: '>=1.0.0'
      react: ^18.x || ^19.x
      react-dom: ^18.x || ^19.x

  '@mantine/form@7.17.8':
    resolution: {integrity: sha512-cRLAMYOsZT17jyV9Myl29xacgaswGVAz3Ku6bvphBFad7Nzorra809uKFJxm2yKW5NknZ4ENHSXjyru7k0GTGA==}
    peerDependencies:
      react: ^18.x || ^19.x

  '@mantine/hooks@7.17.8':
    resolution: {integrity: sha512-96qygbkTjRhdkzd5HDU8fMziemN/h758/EwrFu7TlWrEP10Vw076u+Ap/sG6OT4RGPZYYoHrTlT+mkCZblWHuw==}
    peerDependencies:
      react: ^18.x || ^19.x

  '@mantine/notifications@7.17.8':
    resolution: {integrity: sha512-/YK16IZ198W6ru/IVecCtHcVveL08u2c8TbQTu/2p26LSIM9AbJhUkrU6H+AO0dgVVvmdmNdvPxcJnfq3S9TMg==}
    peerDependencies:
      '@mantine/core': 7.17.8
      '@mantine/hooks': 7.17.8
      react: ^18.x || ^19.x
      react-dom: ^18.x || ^19.x

  '@mantine/store@7.17.8':
    resolution: {integrity: sha512-/FrB6PAVH4NEjQ1dsc9qOB+VvVlSuyjf4oOOlM9gscPuapDP/79Ryq7JkhHYfS55VWQ/YUlY24hDI2VV+VptXg==}
    peerDependencies:
      react: ^18.x || ^19.x

  '@next/env@14.2.18':
    resolution: {integrity: sha512-2vWLOUwIPgoqMJKG6dt35fVXVhgM09tw4tK3/Q34GFXDrfiHlG7iS33VA4ggnjWxjiz9KV5xzfsQzJX6vGAekA==}

  '@next/swc-darwin-arm64@14.2.18':
    resolution: {integrity: sha512-tOBlDHCjGdyLf0ube/rDUs6VtwNOajaWV+5FV/ajPgrvHeisllEdymY/oDgv2cx561+gJksfMUtqf8crug7sbA==}
    engines: {node: '>= 10'}
    cpu: [arm64]
    os: [darwin]

  '@next/swc-darwin-x64@14.2.18':
    resolution: {integrity: sha512-uJCEjutt5VeJ30jjrHV1VIHCsbMYnEqytQgvREx+DjURd/fmKy15NaVK4aR/u98S1LGTnjq35lRTnRyygglxoA==}
    engines: {node: '>= 10'}
    cpu: [x64]
    os: [darwin]

  '@next/swc-linux-arm64-gnu@14.2.18':
    resolution: {integrity: sha512-IL6rU8vnBB+BAm6YSWZewc+qvdL1EaA+VhLQ6tlUc0xp+kkdxQrVqAnh8Zek1ccKHlTDFRyAft0e60gteYmQ4A==}
    engines: {node: '>= 10'}
    cpu: [arm64]
    os: [linux]
    libc: [glibc]

  '@next/swc-linux-arm64-musl@14.2.18':
    resolution: {integrity: sha512-RCaENbIZqKKqTlL8KNd+AZV/yAdCsovblOpYFp0OJ7ZxgLNbV5w23CUU1G5On+0fgafrsGcW+GdMKdFjaRwyYA==}
    engines: {node: '>= 10'}
    cpu: [arm64]
    os: [linux]
    libc: [musl]

  '@next/swc-linux-x64-gnu@14.2.18':
    resolution: {integrity: sha512-3kmv8DlyhPRCEBM1Vavn8NjyXtMeQ49ID0Olr/Sut7pgzaQTo4h01S7Z8YNE0VtbowyuAL26ibcz0ka6xCTH5g==}
    engines: {node: '>= 10'}
    cpu: [x64]
    os: [linux]
    libc: [glibc]

  '@next/swc-linux-x64-musl@14.2.18':
    resolution: {integrity: sha512-mliTfa8seVSpTbVEcKEXGjC18+TDII8ykW4a36au97spm9XMPqQTpdGPNBJ9RySSFw9/hLuaCMByluQIAnkzlw==}
    engines: {node: '>= 10'}
    cpu: [x64]
    os: [linux]
    libc: [musl]

  '@next/swc-win32-arm64-msvc@14.2.18':
    resolution: {integrity: sha512-J5g0UFPbAjKYmqS3Cy7l2fetFmWMY9Oao32eUsBPYohts26BdrMUyfCJnZFQkX9npYaHNDOWqZ6uV9hSDPw9NA==}
    engines: {node: '>= 10'}
    cpu: [arm64]
    os: [win32]

  '@next/swc-win32-ia32-msvc@14.2.18':
    resolution: {integrity: sha512-Ynxuk4ZgIpdcN7d16ivJdjsDG1+3hTvK24Pp8DiDmIa2+A4CfhJSEHHVndCHok6rnLUzAZD+/UOKESQgTsAZGg==}
    engines: {node: '>= 10'}
    cpu: [ia32]
    os: [win32]

  '@next/swc-win32-x64-msvc@14.2.18':
    resolution: {integrity: sha512-dtRGMhiU9TN5nyhwzce+7c/4CCeykYS+ipY/4mIrGzJ71+7zNo55ZxCB7cAVuNqdwtYniFNR2c9OFQ6UdFIMcg==}
    engines: {node: '>= 10'}
    cpu: [x64]
    os: [win32]

  '@swc/counter@0.1.3':
    resolution: {integrity: sha512-e2BR4lsJkkRlKZ/qCHPw9ZaSxc0MVUd7gtbtaB7aMvHeJVYe8sOB8DBZkP2DtISHGSku9sCK6T6cnY0CtXrOCQ==}

  '@swc/helpers@0.5.5':
    resolution: {integrity: sha512-KGYxvIOXcceOAbEk4bi/dVLEK9z8sZ0uBB3Il5b1rhfClSpcX0yfRO0KmTkqR2cnQDymwLB+25ZyMzICg/cm/A==}

  '@tabler/icons-react@3.44.0':
    resolution: {integrity: sha512-8+rvzBbVm/1Z3sG3x7GUNAaxIKxwgz8xaMhRs23nrCnMTKRFAhEC+82zAIFeAA0seXdrAGX5HFCkaLpGK2rVHg==}
    peerDependencies:
      react: '>= 16'

  '@tabler/icons@3.44.0':
    resolution: {integrity: sha512-Wn0AOZG9sg0L+bjfMqq4eNhC6pQjIrk94LvvWYNYkY8KH8wC3YILRzQlrnVJc4FUeMxH/AK97QsYCX35H3LndA==}

  '@types/node@22.19.19':
    resolution: {integrity: sha512-dyh/xO2Fh5bYrfWaaqGrRQQGkNdmYw6AmaAUvYeUMNTWQtvb796ikLdmTchRmOlOiIJ1TDXfWgVx1QkUlQ6Hew==}

  '@types/prop-types@15.7.15':
    resolution: {integrity: sha512-F6bEyamV9jKGAFBEmlQnesRPGOQqS2+Uwi0Em15xenOxHaf2hv6L8YCVn3rPdPJOiJfPiCnLIRyvwVaqMY3MIw==}

  '@types/react-dom@18.3.7':
    resolution: {integrity: sha512-MEe3UeoENYVFXzoXEWsvcpg6ZvlrFNlOQ7EOsvhI3CfAXwzPfO8Qwuxd40nepsYKqyyVQnTdEfv68q91yLcKrQ==}
    peerDependencies:
      '@types/react': ^18.0.0

  '@types/react@18.3.28':
    resolution: {integrity: sha512-z9VXpC7MWrhfWipitjNdgCauoMLRdIILQsAEV+ZesIzBq/oUlxk0m3ApZuMFCXdnS4U7KrI+l3WRUEGQ8K1QKw==}

  busboy@1.6.0:
    resolution: {integrity: sha512-8SFQbg/0hQ9xy3UNTB0YEnsNBbWfhf7RtnzpL7TkBiTBRfrQ9Fxcnz7VJsleJpyp6rVLvXiuORqjlHi5q+PYuA==}
    engines: {node: '>=10.16.0'}

  camelcase-css@2.0.1:
    resolution: {integrity: sha512-QOSvevhslijgYwRx6Rv7zKdMF8lbRmx+uQGx2+vDc+KI/eBnsy9kit5aj23AgGu3pa4t9AgwbnXWqS+iOY+2aA==}
    engines: {node: '>= 6'}

  caniuse-lite@1.0.30001792:
    resolution: {integrity: sha512-hVLMUZFgR4JJ6ACt1uEESvQN1/dBVqPAKY0hgrV70eN3391K6juAfTjKZLKvOMsx8PxA7gsY1/tLMMTcfFLLpw==}

  client-only@0.0.1:
    resolution: {integrity: sha512-IV3Ou0jSMzZrd3pZ48nLkT9DA7Ag1pnPzaiQhpW7c3RbcqqzvzzVu+L8gfqMp/8IM2MQtSiqaCxrrcfu8I8rMA==}

  clsx@2.1.1:
    resolution: {integrity: sha512-eYm0QWBtUrBWZWG0d386OGAw16Z995PiOVo2B7bjWSbHedGl5e0ZWaq65kOGgUSNesEIDkB9ISbTg/JK9dhCZA==}
    engines: {node: '>=6'}

  cssesc@3.0.0:
    resolution: {integrity: sha512-/Tb/JcjK111nNScGob5MNtsntNM1aCNUDipB/TkwZFhyDrrE47SOx/18wF2bbjgc3ZzCSKW1T5nt5EbFoAz/Vg==}
    engines: {node: '>=4'}
    hasBin: true

  csstype@3.2.3:
    resolution: {integrity: sha512-z1HGKcYy2xA8AGQfwrn0PAy+PB7X/GSj3UVJW9qKyn43xWa+gl5nXmU4qqLMRzWVLFC8KusUX8T/0kCiOYpAIQ==}

  dayjs@1.11.20:
    resolution: {integrity: sha512-YbwwqR/uYpeoP4pu043q+LTDLFBLApUP6VxRihdfNTqu4ubqMlGDLd6ErXhEgsyvY0K6nCs7nggYumAN+9uEuQ==}

  detect-node-es@1.1.0:
    resolution: {integrity: sha512-ypdmJU/TbBby2Dxibuv7ZLW3Bs1QEmM7nHjEANfohJLvE0XVujisn1qPJcZxg+qDucsr+bP6fLD1rPS3AhJ7EQ==}

  dom-helpers@5.2.1:
    resolution: {integrity: sha512-nRCa7CK3VTrM2NmGkIy4cbK7IZlgBE/PYMn55rrXefr5xXDP0LdtfPnblFDoVdcAfslJ7or6iqAUnx0CCGIWQA==}

  embla-carousel-react@7.1.0:
    resolution: {integrity: sha512-tbYRPRZSDNd2QLNqYDcArAakGIxtUbhS7tkP0dGXktXHGgcX+3ji3VrOUTOftBiujZrMV8kRxtrRUe/1soloIQ==}
    peerDependencies:
      react: ^16.8.0 || ^17.0.1 || ^18.0.0

  embla-carousel@7.1.0:
    resolution: {integrity: sha512-Bh8Pa8NWzgugLkf8sAGexQlBCNDFaej5BXiKgQdRJ1mUC9NWBrw9Z23YVPVGkguWoz5LMjZXXFVGCobl3UPt/Q==}

  fast-deep-equal@3.1.3:
    resolution: {integrity: sha512-f3qQ9oQy9j2AhBe/H9VC91wLmKBCCU/gDOnKNAYG5hswO7BLKj09Hc5HYNz9cGI++xlpDCIgDaitVs03ATR84Q==}

  fdir@6.5.0:
    resolution: {integrity: sha512-tIbYtZbucOs0BRGqPJkshJUYdL+SDH7dVM8gjy+ERp3WAUjLEFJE+02kanyHtwjWOnwrKYBiwAmM0p4kLJAnXg==}
    engines: {node: '>=12.0.0'}
    peerDependencies:
      picomatch: ^3 || ^4
    peerDependenciesMeta:
      picomatch:
        optional: true

  get-nonce@1.0.1:
    resolution: {integrity: sha512-FJhYRoDaiatfEkUK8HKlicmu/3SGFD51q3itKDGoSTysQJBnfOcxU5GxnhE1E6soB76MbT0MBtnKJuXyAx+96Q==}
    engines: {node: '>=6'}

  graceful-fs@4.2.11:
    resolution: {integrity: sha512-RbJ5/jmFcNNCcDV5o9eTnBLJ/HszWV0P73bc+Ff4nS/rJj+YaS6IGyiOL0VoBYX+l1Wrl3k63h/KrH+nhJ0XvQ==}

  js-tokens@4.0.0:
    resolution: {integrity: sha512-RdJUflcE3cUzKiMqQgsCu06FPu9UdIJO0beYbPhHN4k6apgJtifcoCtT9bcxOpYBtpD2kCM6Sbzg4CausW/PKQ==}

  klona@2.0.6:
    resolution: {integrity: sha512-dhG34DXATL5hSxJbIexCft8FChFXtmskoZYnoPWjXQuebWYCNkVeV3KkGegCK9CP1oswI/vQibS2GY7Em/sJJA==}
    engines: {node: '>= 8'}

  loose-envify@1.4.0:
    resolution: {integrity: sha512-lyuxPGr/Wfhrlem2CL/UcnUc1zcqKAImBDzukY7Y5F/yQiNdko6+fRLevlw1HgMySw7f611UIY408EtxRSoK3Q==}
    hasBin: true

  nanoid@3.3.12:
    resolution: {integrity: sha512-ZB9RH/39qpq5Vu6Y+NmUaFhQR6pp+M2Xt76XBnEwDaGcVAqhlvxrl3B2bKS5D3NH3QR76v3aSrKaF/Kiy7lEtQ==}
    engines: {node: ^10 || ^12 || ^13.7 || ^14 || >=15.0.1}
    hasBin: true

  next@14.2.18:
    resolution: {integrity: sha512-H9qbjDuGivUDEnK6wa+p2XKO+iMzgVgyr9Zp/4Iv29lKa+DYaxJGjOeEA+5VOvJh/M7HLiskehInSa0cWxVXUw==}
    engines: {node: '>=18.17.0'}
    deprecated: This version has a security vulnerability. Please upgrade to a patched version. See https://nextjs.org/blog/security-update-2025-12-11 for more details.
    hasBin: true
    peerDependencies:
      '@opentelemetry/api': ^1.1.0
      '@playwright/test': ^1.41.2
      react: ^18.2.0
      react-dom: ^18.2.0
      sass: ^1.3.0
    peerDependenciesMeta:
      '@opentelemetry/api':
        optional: true
      '@playwright/test':
        optional: true
      sass:
        optional: true

  object-assign@4.1.1:
    resolution: {integrity: sha512-rJgTQnkUnH1sFw8yT6VSU3zD3sWmu6sZhIseY8VX+GRu3P6F7Fu+JNDoXfklElbLJSnc3FUQHVe4cU5hj+BcUg==}
    engines: {node: '>=0.10.0'}

  picocolors@1.1.1:
    resolution: {integrity: sha512-xceH2snhtb5M9liqDsmEw56le376mTZkEX/jEb/RxNFyegNul7eNslCXP9FDj/Lcu0X8KEyMceP2ntpaHrDEVA==}

  picomatch@4.0.4:
    resolution: {integrity: sha512-QP88BAKvMam/3NxH6vj2o21R6MjxZUAd6nlwAS/pnGvN9IVLocLHxGYIzFhg6fUQ+5th6P4dv4eW9jX3DSIj7A==}
    engines: {node: '>=12'}

  postcss-js@4.1.0:
    resolution: {integrity: sha512-oIAOTqgIo7q2EOwbhb8UalYePMvYoIeRY2YKntdpFQXNosSu3vLrniGgmH9OKs/qAkfoj5oB3le/7mINW1LCfw==}
    engines: {node: ^12 || ^14 || >= 16}
    peerDependencies:
      postcss: ^8.4.21

  postcss-mixins@12.1.2:
    resolution: {integrity: sha512-90pSxmZVfbX9e5xCv7tI5RV1mnjdf16y89CJKbf/hD7GyOz1FCxcYMl8ZYA8Hc56dbApTKKmU9HfvgfWdCxlwg==}
    engines: {node: ^20.0 || ^22.0 || >=24.0}
    peerDependencies:
      postcss: ^8.2.14

  postcss-nested@7.0.2:
    resolution: {integrity: sha512-5osppouFc0VR9/VYzYxO03VaDa3e8F23Kfd6/9qcZTUI8P58GIYlArOET2Wq0ywSl2o2PjELhYOFI4W7l5QHKw==}
    engines: {node: '>=18.0'}
    peerDependencies:
      postcss: ^8.2.14

  postcss-preset-mantine@1.18.0:
    resolution: {integrity: sha512-sP6/s1oC7cOtBdl4mw/IRKmKvYTuzpRrH/vT6v9enMU/EQEQ31eQnHcWtFghOXLH87AAthjL/Q75rLmin1oZoA==}
    peerDependencies:
      postcss: '>=8.0.0'

  postcss-selector-parser@7.1.1:
    resolution: {integrity: sha512-orRsuYpJVw8LdAwqqLykBj9ecS5/cRHlI5+nvTo8LcCKmzDmqVORXtOIYEEQuL9D4BxtA1lm5isAqzQZCoQ6Eg==}
    engines: {node: '>=4'}

  postcss-simple-vars@7.0.1:
    resolution: {integrity: sha512-5GLLXaS8qmzHMOjVxqkk1TZPf1jMqesiI7qLhnlyERalG0sMbHIbJqrcnrpmZdKCLglHnRHoEBB61RtGTsj++A==}
    engines: {node: '>=14.0'}
    peerDependencies:
      postcss: ^8.2.1

  postcss@8.4.31:
    resolution: {integrity: sha512-PS08Iboia9mts/2ygV3eLpY5ghnUcfLV/EXTOW1E2qYxJKGGBUtNjN76FYHnMs36RmARn41bC0AZmn+rR0OVpQ==}
    engines: {node: ^10 || ^12 || >=14}

  postcss@8.5.14:
    resolution: {integrity: sha512-SoSL4+OSEtR99LHFZQiJLkT59C5B1amGO1NzTwj7TT1qCUgUO6hxOvzkOYxD+vMrXBM3XJIKzokoERdqQq/Zmg==}
    engines: {node: ^10 || ^12 || >=14}

  prop-types@15.8.1:
    resolution: {integrity: sha512-oj87CgZICdulUohogVAR7AjlC0327U4el4L6eAvOqCeudMDVU0NThNaV+b9Df4dXgSP1gXMTnPdhfe/2qDH5cg==}

  react-dom@18.3.1:
    resolution: {integrity: sha512-5m4nQKp+rZRb09LNH59GM4BxTh9251/ylbKIbpe7TpGxfJ+9kv6BLkLBXIjjspbgbnIBNqlI23tRnTWT0snUIw==}
    peerDependencies:
      react: ^18.3.1

  react-is@16.13.1:
    resolution: {integrity: sha512-24e6ynE2H+OKt4kqsOvNd8kBpV65zoxbA4BVsEOB3ARVWQki/DHzaUoC5KuON/BiccDaCCTZBuOcfZs70kR8bQ==}

  react-number-format@5.4.5:
    resolution: {integrity: sha512-y8O2yHHj3w0aE9XO8d2BCcUOOdQTRSVq+WIuMlLVucAm5XNjJAy+BoOJiuQMldVYVOKTMyvVNfnbl2Oqp+YxGw==}
    peerDependencies:
      react: ^0.14 || ^15.0.0 || ^16.0.0 || ^17.0.0 || ^18.0.0 || ^19.0.0
      react-dom: ^0.14 || ^15.0.0 || ^16.0.0 || ^17.0.0 || ^18.0.0 || ^19.0.0

  react-remove-scroll-bar@2.3.8:
    resolution: {integrity: sha512-9r+yi9+mgU33AKcj6IbT9oRCO78WriSj6t/cF8DWBZJ9aOGPOTEDvdUDz1FwKim7QXWwmHqtdHnRJfhAxEG46Q==}
    engines: {node: '>=10'}
    peerDependencies:
      '@types/react': '*'
      react: ^16.8.0 || ^17.0.0 || ^18.0.0 || ^19.0.0
    peerDependenciesMeta:
      '@types/react':
        optional: true

  react-remove-scroll@2.7.2:
    resolution: {integrity: sha512-Iqb9NjCCTt6Hf+vOdNIZGdTiH1QSqr27H/Ek9sv/a97gfueI/5h1s3yRi1nngzMUaOOToin5dI1dXKdXiF+u0Q==}
    engines: {node: '>=10'}
    peerDependencies:
      '@types/react': '*'
      react: ^16.8.0 || ^17.0.0 || ^18.0.0 || ^19.0.0 || ^19.0.0-rc
    peerDependenciesMeta:
      '@types/react':
        optional: true

  react-style-singleton@2.2.3:
    resolution: {integrity: sha512-b6jSvxvVnyptAiLjbkWLE/lOnR4lfTtDAl+eUC7RZy+QQWc6wRzIV2CE6xBuMmDxc2qIihtDCZD5NPOFl7fRBQ==}
    engines: {node: '>=10'}
    peerDependencies:
      '@types/react': '*'
      react: ^16.8.0 || ^17.0.0 || ^18.0.0 || ^19.0.0 || ^19.0.0-rc
    peerDependenciesMeta:
      '@types/react':
        optional: true

  react-textarea-autosize@8.5.9:
    resolution: {integrity: sha512-U1DGlIQN5AwgjTyOEnI1oCcMuEr1pv1qOtklB2l4nyMGbHzWrI0eFsYK0zos2YWqAolJyG0IWJaqWmWj5ETh0A==}
    engines: {node: '>=10'}
    peerDependencies:
      react: ^16.8.0 || ^17.0.0 || ^18.0.0 || ^19.0.0

  react-transition-group@4.4.5:
    resolution: {integrity: sha512-pZcd1MCJoiKiBR2NRxeCRg13uCXbydPnmB4EOeRrY7480qNWO8IIgQG6zlDkm6uRMsURXPuKq0GWtiM59a5Q6g==}
    peerDependencies:
      react: '>=16.6.0'
      react-dom: '>=16.6.0'

  react@18.3.1:
    resolution: {integrity: sha512-wS+hAgJShR0KhEvPJArfuPVN1+Hz1t0Y6n5jLrGQbkb4urgPE/0Rve+1kMB1v/oWgHgm4WIcV+i7F2pTVj+2iQ==}
    engines: {node: '>=0.10.0'}

  scheduler@0.23.2:
    resolution: {integrity: sha512-UOShsPwz7NrMUqhR6t0hWjFduvOzbtv7toDH1/hIrfRNIDBnnBWd0CwJTGvTpngVlmwGCdP9/Zl/tVrDqcuYzQ==}

  source-map-js@1.2.1:
    resolution: {integrity: sha512-UXWMKhLOwVKb728IUtQPXxfYU+usdybtUrK/8uGE8CQMvrhOpwvzDBwj0QhSL7MQc7vIsISBG8VQ8+IDQxpfQA==}
    engines: {node: '>=0.10.0'}

  streamsearch@1.1.0:
    resolution: {integrity: sha512-Mcc5wHehp9aXz1ax6bZUyY5afg9u2rv5cqQI3mRrYkGC8rW2hM02jWuwjtL++LS5qinSyhj2QfLyNsuc+VsExg==}
    engines: {node: '>=10.0.0'}

  styled-jsx@5.1.1:
    resolution: {integrity: sha512-pW7uC1l4mBZ8ugbiZrcIsiIvVx1UmTfw7UkC3Um2tmfUq9Bhk8IiyEIPl6F8agHgjzku6j0xQEZbfA5uSgSaCw==}
    engines: {node: '>= 12.0.0'}
    peerDependencies:
      '@babel/core': '*'
      babel-plugin-macros: '*'
      react: '>= 16.8.0 || 17.x.x || ^18.0.0-0'
    peerDependenciesMeta:
      '@babel/core':
        optional: true
      babel-plugin-macros:
        optional: true

  sugarss@5.0.1:
    resolution: {integrity: sha512-ctS5RYCBVvPoZAnzIaX5QSShK8ZiZxD5HUqSxlusvEMC+QZQIPCPOIJg6aceFX+K2rf4+SH89eu++h1Zmsr2nw==}
    engines: {node: '>=18.0'}
    peerDependencies:
      postcss: ^8.3.3

  tabbable@6.4.0:
    resolution: {integrity: sha512-05PUHKSNE8ou2dwIxTngl4EzcnsCDZGJ/iCLtDflR/SHB/ny14rXc+qU5P4mG9JkusiV7EivzY9Mhm55AzAvCg==}

  tinyglobby@0.2.16:
    resolution: {integrity: sha512-pn99VhoACYR8nFHhxqix+uvsbXineAasWm5ojXoN8xEwK5Kd3/TrhNn1wByuD52UxWRLy8pu+kRMniEi6Eq9Zg==}
    engines: {node: '>=12.0.0'}

  tslib@2.8.1:
    resolution: {integrity: sha512-oJFu94HQb+KVduSUQL7wnpmqnfmLsOA/nAh6b6EH0wCEoK0/mPeXU6c3wKDV83MkOuHPRHtSXKKU99IBazS/2w==}

  type-fest@4.41.0:
    resolution: {integrity: sha512-TeTSQ6H5YHvpqVwBRcnLDCBnDOHWYu7IvGbHT6N8AOymcr9PJGjc1GTtiWZTYg0NCgYwvnYWEkVChQAr9bjfwA==}
    engines: {node: '>=16'}

  typescript@5.9.3:
    resolution: {integrity: sha512-jl1vZzPDinLr9eUt3J/t7V6FgNEw9QjvBPdysz9KfQDD41fQrC2Y4vKQdiaUpFT4bXlb1RHhLpp8wtm6M5TgSw==}
    engines: {node: '>=14.17'}
    hasBin: true

  undici-types@6.21.0:
    resolution: {integrity: sha512-iwDZqg0QAGrg9Rav5H4n0M64c3mkR59cJ6wQp+7C4nI0gsmExaedaYLNO44eT4AtBBwjbTiGPMlt2Md0T9H9JQ==}

  use-callback-ref@1.3.3:
    resolution: {integrity: sha512-jQL3lRnocaFtu3V00JToYz/4QkNWswxijDaCVNZRiRTO3HQDLsdu1ZtmIUvV4yPp+rvWm5j0y0TG/S61cuijTg==}
    engines: {node: '>=10'}
    peerDependencies:
      '@types/react': '*'
      react: ^16.8.0 || ^17.0.0 || ^18.0.0 || ^19.0.0 || ^19.0.0-rc
    peerDependenciesMeta:
      '@types/react':
        optional: true

  use-composed-ref@1.4.0:
    resolution: {integrity: sha512-djviaxuOOh7wkj0paeO1Q/4wMZ8Zrnag5H6yBvzN7AKKe8beOaED9SF5/ByLqsku8NP4zQqsvM2u3ew/tJK8/w==}
    peerDependencies:
      '@types/react': '*'
      react: ^16.8.0 || ^17.0.0 || ^18.0.0 || ^19.0.0
    peerDependenciesMeta:
      '@types/react':
        optional: true

  use-isomorphic-layout-effect@1.2.1:
    resolution: {integrity: sha512-tpZZ+EX0gaghDAiFR37hj5MgY6ZN55kLiPkJsKxBMZ6GZdOSPJXiOzPM984oPYZ5AnehYx5WQp1+ME8I/P/pRA==}
    peerDependencies:
      '@types/react': '*'
      react: ^16.8.0 || ^17.0.0 || ^18.0.0 || ^19.0.0
    peerDependenciesMeta:
      '@types/react':
        optional: true

  use-latest@1.3.0:
    resolution: {integrity: sha512-mhg3xdm9NaM8q+gLT8KryJPnRFOz1/5XPBhmDEVZK1webPzDjrPk7f/mbpeLqTgB9msytYWANxgALOCJKnLvcQ==}
    peerDependencies:
      '@types/react': '*'
      react: ^16.8.0 || ^17.0.0 || ^18.0.0 || ^19.0.0
    peerDependenciesMeta:
      '@types/react':
        optional: true

  use-sidecar@1.1.3:
    resolution: {integrity: sha512-Fedw0aZvkhynoPYlA5WXrMCAMm+nSWdZt6lzJQ7Ok8S6Q+VsHmHpRWndVRJ8Be0ZbkfPc5LRYH+5XrzXcEeLRQ==}
    engines: {node: '>=10'}
    peerDependencies:
      '@types/react': '*'
      react: ^16.8.0 || ^17.0.0 || ^18.0.0 || ^19.0.0 || ^19.0.0-rc
    peerDependenciesMeta:
      '@types/react':
        optional: true

  util-deprecate@1.0.2:
    resolution: {integrity: sha512-EPD5q1uXyFxJpCrLnCc1nHnq3gOa6DZBocAIiI2TaSCA7VCJ1UJDMagCzIkXNsUYfD1daK//LTEQ8xiIbrHtcw==}

snapshots:

  '@babel/runtime@7.29.2': {}

  '@floating-ui/core@1.7.5':
    dependencies:
      '@floating-ui/utils': 0.2.11

  '@floating-ui/dom@1.7.6':
    dependencies:
      '@floating-ui/core': 1.7.5
      '@floating-ui/utils': 0.2.11

  '@floating-ui/react-dom@2.1.8(react-dom@18.3.1(react@18.3.1))(react@18.3.1)':
    dependencies:
      '@floating-ui/dom': 1.7.6
      react: 18.3.1
      react-dom: 18.3.1(react@18.3.1)

  '@floating-ui/react@0.26.28(react-dom@18.3.1(react@18.3.1))(react@18.3.1)':
    dependencies:
      '@floating-ui/react-dom': 2.1.8(react-dom@18.3.1(react@18.3.1))(react@18.3.1)
      '@floating-ui/utils': 0.2.11
      react: 18.3.1
      react-dom: 18.3.1(react@18.3.1)
      tabbable: 6.4.0

  '@floating-ui/utils@0.2.11': {}

  '@mantine/carousel@7.17.8(@mantine/core@7.17.8(@mantine/hooks@7.17.8(react@18.3.1))(@types/react@18.3.28)(react-dom@18.3.1(react@18.3.1))(react@18.3.1))(@mantine/hooks@7.17.8(react@18.3.1))(embla-carousel-react@7.1.0(react@18.3.1))(react-dom@18.3.1(react@18.3.1))(react@18.3.1)':
    dependencies:
      '@mantine/core': 7.17.8(@mantine/hooks@7.17.8(react@18.3.1))(@types/react@18.3.28)(react-dom@18.3.1(react@18.3.1))(react@18.3.1)
      '@mantine/hooks': 7.17.8(react@18.3.1)
      embla-carousel-react: 7.1.0(react@18.3.1)
      react: 18.3.1
      react-dom: 18.3.1(react@18.3.1)

  '@mantine/core@7.17.8(@mantine/hooks@7.17.8(react@18.3.1))(@types/react@18.3.28)(react-dom@18.3.1(react@18.3.1))(react@18.3.1)':
    dependencies:
      '@floating-ui/react': 0.26.28(react-dom@18.3.1(react@18.3.1))(react@18.3.1)
      '@mantine/hooks': 7.17.8(react@18.3.1)
      clsx: 2.1.1
      react: 18.3.1
      react-dom: 18.3.1(react@18.3.1)
      react-number-format: 5.4.5(react-dom@18.3.1(react@18.3.1))(react@18.3.1)
      react-remove-scroll: 2.7.2(@types/react@18.3.28)(react@18.3.1)
      react-textarea-autosize: 8.5.9(@types/react@18.3.28)(react@18.3.1)
      type-fest: 4.41.0
    transitivePeerDependencies:
      - '@types/react'

  '@mantine/dates@7.17.8(@mantine/core@7.17.8(@mantine/hooks@7.17.8(react@18.3.1))(@types/react@18.3.28)(react-dom@18.3.1(react@18.3.1))(react@18.3.1))(@mantine/hooks@7.17.8(react@18.3.1))(dayjs@1.11.20)(react-dom@18.3.1(react@18.3.1))(react@18.3.1)':
    dependencies:
      '@mantine/core': 7.17.8(@mantine/hooks@7.17.8(react@18.3.1))(@types/react@18.3.28)(react-dom@18.3.1(react@18.3.1))(react@18.3.1)
      '@mantine/hooks': 7.17.8(react@18.3.1)
      clsx: 2.1.1
      dayjs: 1.11.20
      react: 18.3.1
      react-dom: 18.3.1(react@18.3.1)

  '@mantine/form@7.17.8(react@18.3.1)':
    dependencies:
      fast-deep-equal: 3.1.3
      klona: 2.0.6
      react: 18.3.1

  '@mantine/hooks@7.17.8(react@18.3.1)':
    dependencies:
      react: 18.3.1

  '@mantine/notifications@7.17.8(@mantine/core@7.17.8(@mantine/hooks@7.17.8(react@18.3.1))(@types/react@18.3.28)(react-dom@18.3.1(react@18.3.1))(react@18.3.1))(@mantine/hooks@7.17.8(react@18.3.1))(react-dom@18.3.1(react@18.3.1))(react@18.3.1)':
    dependencies:
      '@mantine/core': 7.17.8(@mantine/hooks@7.17.8(react@18.3.1))(@types/react@18.3.28)(react-dom@18.3.1(react@18.3.1))(react@18.3.1)
      '@mantine/hooks': 7.17.8(react@18.3.1)
      '@mantine/store': 7.17.8(react@18.3.1)
      react: 18.3.1
      react-dom: 18.3.1(react@18.3.1)
      react-transition-group: 4.4.5(react-dom@18.3.1(react@18.3.1))(react@18.3.1)

  '@mantine/store@7.17.8(react@18.3.1)':
    dependencies:
      react: 18.3.1

  '@next/env@14.2.18': {}

  '@next/swc-darwin-arm64@14.2.18':
    optional: true

  '@next/swc-darwin-x64@14.2.18':
    optional: true

  '@next/swc-linux-arm64-gnu@14.2.18':
    optional: true

  '@next/swc-linux-arm64-musl@14.2.18':
    optional: true

  '@next/swc-linux-x64-gnu@14.2.18':
    optional: true

  '@next/swc-linux-x64-musl@14.2.18':
    optional: true

  '@next/swc-win32-arm64-msvc@14.2.18':
    optional: true

  '@next/swc-win32-ia32-msvc@14.2.18':
    optional: true

  '@next/swc-win32-x64-msvc@14.2.18':
    optional: true

  '@swc/counter@0.1.3': {}

  '@swc/helpers@0.5.5':
    dependencies:
      '@swc/counter': 0.1.3
      tslib: 2.8.1

  '@tabler/icons-react@3.44.0(react@18.3.1)':
    dependencies:
      '@tabler/icons': 3.44.0
      react: 18.3.1

  '@tabler/icons@3.44.0': {}

  '@types/node@22.19.19':
    dependencies:
      undici-types: 6.21.0

  '@types/prop-types@15.7.15': {}

  '@types/react-dom@18.3.7(@types/react@18.3.28)':
    dependencies:
      '@types/react': 18.3.28

  '@types/react@18.3.28':
    dependencies:
      '@types/prop-types': 15.7.15
      csstype: 3.2.3

  busboy@1.6.0:
    dependencies:
      streamsearch: 1.1.0

  camelcase-css@2.0.1: {}

  caniuse-lite@1.0.30001792: {}

  client-only@0.0.1: {}

  clsx@2.1.1: {}

  cssesc@3.0.0: {}

  csstype@3.2.3: {}

  dayjs@1.11.20: {}

  detect-node-es@1.1.0: {}

  dom-helpers@5.2.1:
    dependencies:
      '@babel/runtime': 7.29.2
      csstype: 3.2.3

  embla-carousel-react@7.1.0(react@18.3.1):
    dependencies:
      embla-carousel: 7.1.0
      react: 18.3.1

  embla-carousel@7.1.0: {}

  fast-deep-equal@3.1.3: {}

  fdir@6.5.0(picomatch@4.0.4):
    optionalDependencies:
      picomatch: 4.0.4

  get-nonce@1.0.1: {}

  graceful-fs@4.2.11: {}

  js-tokens@4.0.0: {}

  klona@2.0.6: {}

  loose-envify@1.4.0:
    dependencies:
      js-tokens: 4.0.0

  nanoid@3.3.12: {}

  next@14.2.18(react-dom@18.3.1(react@18.3.1))(react@18.3.1):
    dependencies:
      '@next/env': 14.2.18
      '@swc/helpers': 0.5.5
      busboy: 1.6.0
      caniuse-lite: 1.0.30001792
      graceful-fs: 4.2.11
      postcss: 8.4.31
      react: 18.3.1
      react-dom: 18.3.1(react@18.3.1)
      styled-jsx: 5.1.1(react@18.3.1)
    optionalDependencies:
      '@next/swc-darwin-arm64': 14.2.18
      '@next/swc-darwin-x64': 14.2.18
      '@next/swc-linux-arm64-gnu': 14.2.18
      '@next/swc-linux-arm64-musl': 14.2.18
      '@next/swc-linux-x64-gnu': 14.2.18
      '@next/swc-linux-x64-musl': 14.2.18
      '@next/swc-win32-arm64-msvc': 14.2.18
      '@next/swc-win32-ia32-msvc': 14.2.18
      '@next/swc-win32-x64-msvc': 14.2.18
    transitivePeerDependencies:
      - '@babel/core'
      - babel-plugin-macros

  object-assign@4.1.1: {}

  picocolors@1.1.1: {}

  picomatch@4.0.4: {}

  postcss-js@4.1.0(postcss@8.5.14):
    dependencies:
      camelcase-css: 2.0.1
      postcss: 8.5.14

  postcss-mixins@12.1.2(postcss@8.5.14):
    dependencies:
      postcss: 8.5.14
      postcss-js: 4.1.0(postcss@8.5.14)
      postcss-simple-vars: 7.0.1(postcss@8.5.14)
      sugarss: 5.0.1(postcss@8.5.14)
      tinyglobby: 0.2.16

  postcss-nested@7.0.2(postcss@8.5.14):
    dependencies:
      postcss: 8.5.14
      postcss-selector-parser: 7.1.1

  postcss-preset-mantine@1.18.0(postcss@8.5.14):
    dependencies:
      postcss: 8.5.14
      postcss-mixins: 12.1.2(postcss@8.5.14)
      postcss-nested: 7.0.2(postcss@8.5.14)

  postcss-selector-parser@7.1.1:
    dependencies:
      cssesc: 3.0.0
      util-deprecate: 1.0.2

  postcss-simple-vars@7.0.1(postcss@8.5.14):
    dependencies:
      postcss: 8.5.14

  postcss@8.4.31:
    dependencies:
      nanoid: 3.3.12
      picocolors: 1.1.1
      source-map-js: 1.2.1

  postcss@8.5.14:
    dependencies:
      nanoid: 3.3.12
      picocolors: 1.1.1
      source-map-js: 1.2.1

  prop-types@15.8.1:
    dependencies:
      loose-envify: 1.4.0
      object-assign: 4.1.1
      react-is: 16.13.1

  react-dom@18.3.1(react@18.3.1):
    dependencies:
      loose-envify: 1.4.0
      react: 18.3.1
      scheduler: 0.23.2

  react-is@16.13.1: {}

  react-number-format@5.4.5(react-dom@18.3.1(react@18.3.1))(react@18.3.1):
    dependencies:
      react: 18.3.1
      react-dom: 18.3.1(react@18.3.1)

  react-remove-scroll-bar@2.3.8(@types/react@18.3.28)(react@18.3.1):
    dependencies:
      react: 18.3.1
      react-style-singleton: 2.2.3(@types/react@18.3.28)(react@18.3.1)
      tslib: 2.8.1
    optionalDependencies:
      '@types/react': 18.3.28

  react-remove-scroll@2.7.2(@types/react@18.3.28)(react@18.3.1):
    dependencies:
      react: 18.3.1
      react-remove-scroll-bar: 2.3.8(@types/react@18.3.28)(react@18.3.1)
      react-style-singleton: 2.2.3(@types/react@18.3.28)(react@18.3.1)
      tslib: 2.8.1
      use-callback-ref: 1.3.3(@types/react@18.3.28)(react@18.3.1)
      use-sidecar: 1.1.3(@types/react@18.3.28)(react@18.3.1)
    optionalDependencies:
      '@types/react': 18.3.28

  react-style-singleton@2.2.3(@types/react@18.3.28)(react@18.3.1):
    dependencies:
      get-nonce: 1.0.1
      react: 18.3.1
      tslib: 2.8.1
    optionalDependencies:
      '@types/react': 18.3.28

  react-textarea-autosize@8.5.9(@types/react@18.3.28)(react@18.3.1):
    dependencies:
      '@babel/runtime': 7.29.2
      react: 18.3.1
      use-composed-ref: 1.4.0(@types/react@18.3.28)(react@18.3.1)
      use-latest: 1.3.0(@types/react@18.3.28)(react@18.3.1)
    transitivePeerDependencies:
      - '@types/react'

  react-transition-group@4.4.5(react-dom@18.3.1(react@18.3.1))(react@18.3.1):
    dependencies:
      '@babel/runtime': 7.29.2
      dom-helpers: 5.2.1
      loose-envify: 1.4.0
      prop-types: 15.8.1
      react: 18.3.1
      react-dom: 18.3.1(react@18.3.1)

  react@18.3.1:
    dependencies:
      loose-envify: 1.4.0

  scheduler@0.23.2:
    dependencies:
      loose-envify: 1.4.0

  source-map-js@1.2.1: {}

  streamsearch@1.1.0: {}

  styled-jsx@5.1.1(react@18.3.1):
    dependencies:
      client-only: 0.0.1
      react: 18.3.1

  sugarss@5.0.1(postcss@8.5.14):
    dependencies:
      postcss: 8.5.14

  tabbable@6.4.0: {}

  tinyglobby@0.2.16:
    dependencies:
      fdir: 6.5.0(picomatch@4.0.4)
      picomatch: 4.0.4

  tslib@2.8.1: {}

  type-fest@4.41.0: {}

  typescript@5.9.3: {}

  undici-types@6.21.0: {}

  use-callback-ref@1.3.3(@types/react@18.3.28)(react@18.3.1):
    dependencies:
      react: 18.3.1
      tslib: 2.8.1
    optionalDependencies:
      '@types/react': 18.3.28

  use-composed-ref@1.4.0(@types/react@18.3.28)(react@18.3.1):
    dependencies:
      react: 18.3.1
    optionalDependencies:
      '@types/react': 18.3.28

  use-isomorphic-layout-effect@1.2.1(@types/react@18.3.28)(react@18.3.1):
    dependencies:
      react: 18.3.1
    optionalDependencies:
      '@types/react': 18.3.28

  use-latest@1.3.0(@types/react@18.3.28)(react@18.3.1):
    dependencies:
      react: 18.3.1
      use-isomorphic-layout-effect: 1.2.1(@types/react@18.3.28)(react@18.3.1)
    optionalDependencies:
      '@types/react': 18.3.28

  use-sidecar@1.1.3(@types/react@18.3.28)(react@18.3.1):
    dependencies:
      detect-node-es: 1.1.0
      react: 18.3.1
      tslib: 2.8.1
    optionalDependencies:
      '@types/react': 18.3.28

  util-deprecate@1.0.2: {}
